
Microsoft Visual Studio Solution File, Format Version 12.00
# Visual Studio Version 16
VisualStudioVersion = 16.0.28729.10
MinimumVisualStudioVersion = 10.0.40219.1
Project("{FAE04EC0-301F-11D3-BF4B-00C04F79EFBC}") = "WebApplication1", "WebApplication1\WebApplication1.csproj", "{69C85EDC-802C-4982-882B-0EB7B03CA772}"
EndProject
Global
	GlobalSection(SolutionConfigurationPlatforms) = preSolution
		Debug|Any CPU = Debug|Any CPU
		Release|Any CPU = Release|Any CPU
	EndGlobalSection
	GlobalSection(ProjectConfigurationPlatforms) = postSolution
		{69C85EDC-802C-4982-882B-0EB7B03CA772}.Debug|Any CPU.ActiveCfg = Debug|Any CPU
		{69C85EDC-802C-4982-882B-0EB7B03CA772}.Debug|Any CPU.Build.0 = Debug|Any CPU
		{69C85EDC-802C-4982-882B-0EB7B03CA772}.Release|Any CPU.ActiveCfg = Release|Any CPU
		{69C85EDC-802C-4982-882B-0EB7B03CA772}.Release|Any CPU.Build.0 = Release|Any CPU
	EndGlobalSection
	GlobalSection(SolutionProperties) = preSolution
		HideSolutionNode = FALSE
	EndGlobalSection
	GlobalSection(ExtensibilityGlobals) = postSolution
		SolutionGuid = {642B60A4-7CCB-483B-9A2E-EF136AA6F05D}
	EndGlobalSection
EndGlobal
